
Microsoft Visual Studio Solution File, Format Version 12.00
# Visual Studio Version 17
VisualStudioVersion = 17.0.31903.59
MinimumVisualStudioVersion = 10.0.40219.1
Project("{FAE04EC0-301F-11D3-BF4B-00C04F79EFBC}") = "Hydra.Studio.Core", "Hydra.Studio.Core\Hydra.Studio.Core.csproj", "{F573F299-418E-4845-8A26-F2FD88B6F23C}"
EndProject
Project("{FAE04EC0-301F-11D3-BF4B-00C04F79EFBC}") = "Hydra.Studio.App", "Hydra.Studio.App\Hydra.Studio.App.csproj", "{D96877BE-60E5-4205-9BC2-8FBBA52548CD}"
EndProject
Project("{FAE04EC0-301F-11D3-BF4B-00C04F79EFBC}") = "Hydra.Studio.Shell", "Hydra.Studio.Shell\Hydra.Studio.Shell.csproj", "{867B0759-8139-48A7-AF7D-8E384A81859D}"
EndProject
Global
	GlobalSection(SolutionConfigurationPlatforms) = preSolution
		Debug|Any CPU = Debug|Any CPU
		Debug|x64 = Debug|x64
		Debug|x86 = Debug|x86
		Release|Any CPU = Release|Any CPU
		Release|x64 = Release|x64
		Release|x86 = Release|x86
	EndGlobalSection
	GlobalSection(ProjectConfigurationPlatforms) = postSolution
		{F573F299-418E-4845-8A26-F2FD88B6F23C}.Debug|Any CPU.ActiveCfg = Debug|Any CPU
		{F573F299-418E-4845-8A26-F2FD88B6F23C}.Debug|Any CPU.Build.0 = Debug|Any CPU
		{F573F299-418E-4845-8A26-F2FD88B6F23C}.Debug|x64.ActiveCfg = Debug|Any CPU
		{F573F299-418E-4845-8A26-F2FD88B6F23C}.Debug|x64.Build.0 = Debug|Any CPU
		{F573F299-418E-4845-8A26-F2FD88B6F23C}.Debug|x86.ActiveCfg = Debug|Any CPU
		{F573F299-418E-4845-8A26-F2FD88B6F23C}.Debug|x86.Build.0 = Debug|Any CPU
		{F573F299-418E-4845-8A26-F2FD88B6F23C}.Release|Any CPU.ActiveCfg = Release|Any CPU
		{F573F299-418E-4845-8A26-F2FD88B6F23C}.Release|Any CPU.Build.0 = Release|Any CPU
		{F573F299-418E-4845-8A26-F2FD88B6F23C}.Release|x64.ActiveCfg = Release|Any CPU
		{F573F299-418E-4845-8A26-F2FD88B6F23C}.Release|x64.Build.0 = Release|Any CPU
		{F573F299-418E-4845-8A26-F2FD88B6F23C}.Release|x86.ActiveCfg = Release|Any CPU
		{F573F299-418E-4845-8A26-F2FD88B6F23C}.Release|x86.Build.0 = Release|Any CPU
		{D96877BE-60E5-4205-9BC2-8FBBA52548CD}.Debug|Any CPU.ActiveCfg = Debug|Any CPU
		{D96877BE-60E5-4205-9BC2-8FBBA52548CD}.Debug|Any CPU.Build.0 = Debug|Any CPU
		{D96877BE-60E5-4205-9BC2-8FBBA52548CD}.Debug|x64.ActiveCfg = Debug|Any CPU
		{D96877BE-60E5-4205-9BC2-8FBBA52548CD}.Debug|x64.Build.0 = Debug|Any CPU
		{D96877BE-60E5-4205-9BC2-8FBBA52548CD}.Debug|x86.ActiveCfg = Debug|Any CPU
		{D96877BE-60E5-4205-9BC2-8FBBA52548CD}.Debug|x86.Build.0 = Debug|Any CPU
		{D96877BE-60E5-4205-9BC2-8FBBA52548CD}.Release|Any CPU.ActiveCfg = Release|Any CPU
		{D96877BE-60E5-4205-9BC2-8FBBA52548CD}.Release|Any CPU.Build.0 = Release|Any CPU
		{D96877BE-60E5-4205-9BC2-8FBBA52548CD}.Release|x64.ActiveCfg = Release|Any CPU
		{D96877BE-60E5-4205-9BC2-8FBBA52548CD}.Release|x64.Build.0 = Release|Any CPU
		{D96877BE-60E5-4205-9BC2-8FBBA52548CD}.Release|x86.ActiveCfg = Release|Any CPU
		{D96877BE-60E5-4205-9BC2-8FBBA52548CD}.Release|x86.Build.0 = Release|Any CPU
		{867B0759-8139-48A7-AF7D-8E384A81859D}.Debug|Any CPU.ActiveCfg = Debug|Any CPU
		{867B0759-8139-48A7-AF7D-8E384A81859D}.Debug|Any CPU.Build.0 = Debug|Any CPU
		{867B0759-8139-48A7-AF7D-8E384A81859D}.Debug|x64.ActiveCfg = Debug|Any CPU
		{867B0759-8139-48A7-AF7D-8E384A81859D}.Debug|x64.Build.0 = Debug|Any CPU
		{867B0759-8139-48A7-AF7D-8E384A81859D}.Debug|x86.ActiveCfg = Debug|Any CPU
		{867B0759-8139-48A7-AF7D-8E384A81859D}.Debug|x86.Build.0 = Debug|Any CPU
		{867B0759-8139-48A7-AF7D-8E384A81859D}.Release|Any CPU.ActiveCfg = Release|Any CPU
		{867B0759-8139-48A7-AF7D-8E384A81859D}.Release|Any CPU.Build.0 = Release|Any CPU
		{867B0759-8139-48A7-AF7D-8E384A81859D}.Release|x64.ActiveCfg = Release|Any CPU
		{867B0759-8139-48A7-AF7D-8E384A81859D}.Release|x64.Build.0 = Release|Any CPU
		{867B0759-8139-48A7-AF7D-8E384A81859D}.Release|x86.ActiveCfg = Release|Any CPU
		{867B0759-8139-48A7-AF7D-8E384A81859D}.Release|x86.Build.0 = Release|Any CPU
	EndGlobalSection
	GlobalSection(SolutionProperties) = preSolution
		HideSolutionNode = FALSE
	EndGlobalSection
EndGlobal
